
Microsoft Visual Studio Solution File, Format Version 12.00
# Visual Studio Version 16
VisualStudioVersion = 16.0.30717.126
MinimumVisualStudioVersion = 10.0.40219.1
Project("{FAE04EC0-301F-11D3-BF4B-00C04F79EFBC}") = "RockPaperScissors", "RockPaperScissors\RockPaperScissors.csproj", "{367B73D1-E1C6-4FFD-8AD2-019F977E75DC}"
EndProject
Global
	GlobalSection(SolutionConfigurationPlatforms) = preSolution
		Debug|Any CPU = Debug|Any CPU
		Release|Any CPU = Release|Any CPU
	EndGlobalSection
	GlobalSection(ProjectConfigurationPlatforms) = postSolution
		{367B73D1-E1C6-4FFD-8AD2-019F977E75DC}.Debug|Any CPU.ActiveCfg = Debug|Any CPU
		{367B73D1-E1C6-4FFD-8AD2-019F977E75DC}.Debug|Any CPU.Build.0 = Debug|Any CPU
		{367B73D1-E1C6-4FFD-8AD2-019F977E75DC}.Release|Any CPU.ActiveCfg = Release|Any CPU
		{367B73D1-E1C6-4FFD-8AD2-019F977E75DC}.Release|Any CPU.Build.0 = Release|Any CPU
	EndGlobalSection
	GlobalSection(SolutionProperties) = preSolution
		HideSolutionNode = FALSE
	EndGlobalSection
	GlobalSection(ExtensibilityGlobals) = postSolution
		SolutionGuid = {52548259-28F7-47BC-B61F-01E713BCFF4D}
	EndGlobalSection
EndGlobal
